
Microsoft Visual Studio Solution File, Format Version 12.00
# Visual Studio Version 17
VisualStudioVersion = 17.2.32602.215
MinimumVisualStudioVersion = 10.0.40219.1
Project("{2150E333-8FDC-42A3-9474-1A3956D46DE8}") = "src", "src", "{B2D502F3-6A8D-4CEE-8F71-9FCB5AC648B4}"
EndProject
Project("{2150E333-8FDC-42A3-9474-1A3956D46DE8}") = "SOLID", "SOLID", "{CBC538BF-937A-475F-BFE6-186E0AEA3E63}"
EndProject
Project("{2150E333-8FDC-42A3-9474-1A3956D46DE8}") = "DesignPatterns", "DesignPatterns", "{6B2AA75B-5A11-4A32-B0AE-EF5714646F50}"
EndProject
Project("{9A19103F-16F7-4668-BE54-9A1E7A4F7556}") = "SingleRepository", "src\SOLID\SingleRepository\SingleRepository.csproj", "{D415198D-35D7-4858-8F52-9ECB08311A81}"
EndProject
Project("{9A19103F-16F7-4668-BE54-9A1E7A4F7556}") = "OpenClosed", "src\SOLID\OpenClosed\OpenClosed.csproj", "{D72E8ED7-C2B6-422A-A85C-E93813E347D2}"
EndProject
Project("{9A19103F-16F7-4668-BE54-9A1E7A4F7556}") = "LiskovSubstution", "src\SOLID\LiskovSubstution\LiskovSubstution.csproj", "{CF9910BA-0222-41A1-B0BC-E3E527571D13}"
EndProject
Project("{9A19103F-16F7-4668-BE54-9A1E7A4F7556}") = "InterfaceSegregation", "src\SOLID\InterfaceSegregation\InterfaceSegregation.csproj", "{D9E9454E-A6F1-4283-B4C4-DEEA473C7AB6}"
EndProject
Project("{9A19103F-16F7-4668-BE54-9A1E7A4F7556}") = "DependencyInversion", "src\SOLID\DependencyInversion\DependencyInversion.csproj", "{227F12BF-EE47-48EF-AF0C-00638E7B38AE}"
EndProject
Project("{2150E333-8FDC-42A3-9474-1A3956D46DE8}") = "Creational", "Creational", "{A17C3211-FF79-4713-AA5B-F2C4C3D274CB}"
EndProject
Project("{2150E333-8FDC-42A3-9474-1A3956D46DE8}") = "Structural", "Structural", "{8B931E24-BCF1-4B05-A01E-D87B20983CB1}"
EndProject
Project("{2150E333-8FDC-42A3-9474-1A3956D46DE8}") = "Behavioral", "Behavioral", "{EABAC4C3-F1E4-4DC8-9835-52A3FE8514DB}"
EndProject
Project("{9A19103F-16F7-4668-BE54-9A1E7A4F7556}") = "Singleton", "src\DesignPatterns\Creational\Singleton\Singleton.csproj", "{6D58E3FF-CA84-4AC3-94D9-4006556BA6FD}"
EndProject
Project("{FAE04EC0-301F-11D3-BF4B-00C04F79EFBC}") = "FactoryMethod", "src\DesignPatterns\Creational\FactoryMethod\FactoryMethod.csproj", "{06529214-A8C9-40D7-B91F-91DAF5E4ABD9}"
EndProject
Global
	GlobalSection(SolutionConfigurationPlatforms) = preSolution
		Debug|Any CPU = Debug|Any CPU
		Release|Any CPU = Release|Any CPU
	EndGlobalSection
	GlobalSection(ProjectConfigurationPlatforms) = postSolution
		{D415198D-35D7-4858-8F52-9ECB08311A81}.Debug|Any CPU.ActiveCfg = Debug|Any CPU
		{D415198D-35D7-4858-8F52-9ECB08311A81}.Debug|Any CPU.Build.0 = Debug|Any CPU
		{D415198D-35D7-4858-8F52-9ECB08311A81}.Release|Any CPU.ActiveCfg = Release|Any CPU
		{D415198D-35D7-4858-8F52-9ECB08311A81}.Release|Any CPU.Build.0 = Release|Any CPU
		{D72E8ED7-C2B6-422A-A85C-E93813E347D2}.Debug|Any CPU.ActiveCfg = Debug|Any CPU
		{D72E8ED7-C2B6-422A-A85C-E93813E347D2}.Debug|Any CPU.Build.0 = Debug|Any CPU
		{D72E8ED7-C2B6-422A-A85C-E93813E347D2}.Release|Any CPU.ActiveCfg = Release|Any CPU
		{D72E8ED7-C2B6-422A-A85C-E93813E347D2}.Release|Any CPU.Build.0 = Release|Any CPU
		{CF9910BA-0222-41A1-B0BC-E3E527571D13}.Debug|Any CPU.ActiveCfg = Debug|Any CPU
		{CF9910BA-0222-41A1-B0BC-E3E527571D13}.Debug|Any CPU.Build.0 = Debug|Any CPU
		{CF9910BA-0222-41A1-B0BC-E3E527571D13}.Release|Any CPU.ActiveCfg = Release|Any CPU
		{CF9910BA-0222-41A1-B0BC-E3E527571D13}.Release|Any CPU.Build.0 = Release|Any CPU
		{D9E9454E-A6F1-4283-B4C4-DEEA473C7AB6}.Debug|Any CPU.ActiveCfg = Debug|Any CPU
		{D9E9454E-A6F1-4283-B4C4-DEEA473C7AB6}.Debug|Any CPU.Build.0 = Debug|Any CPU
		{D9E9454E-A6F1-4283-B4C4-DEEA473C7AB6}.Release|Any CPU.ActiveCfg = Release|Any CPU
		{D9E9454E-A6F1-4283-B4C4-DEEA473C7AB6}.Release|Any CPU.Build.0 = Release|Any CPU
		{227F12BF-EE47-48EF-AF0C-00638E7B38AE}.Debug|Any CPU.ActiveCfg = Debug|Any CPU
		{227F12BF-EE47-48EF-AF0C-00638E7B38AE}.Debug|Any CPU.Build.0 = Debug|Any CPU
		{227F12BF-EE47-48EF-AF0C-00638E7B38AE}.Release|Any CPU.ActiveCfg = Release|Any CPU
		{227F12BF-EE47-48EF-AF0C-00638E7B38AE}.Release|Any CPU.Build.0 = Release|Any CPU
		{6D58E3FF-CA84-4AC3-94D9-4006556BA6FD}.Debug|Any CPU.ActiveCfg = Debug|Any CPU
		{6D58E3FF-CA84-4AC3-94D9-4006556BA6FD}.Debug|Any CPU.Build.0 = Debug|Any CPU
		{6D58E3FF-CA84-4AC3-94D9-4006556BA6FD}.Release|Any CPU.ActiveCfg = Release|Any CPU
		{6D58E3FF-CA84-4AC3-94D9-4006556BA6FD}.Release|Any CPU.Build.0 = Release|Any CPU
		{06529214-A8C9-40D7-B91F-91DAF5E4ABD9}.Debug|Any CPU.ActiveCfg = Debug|Any CPU
		{06529214-A8C9-40D7-B91F-91DAF5E4ABD9}.Debug|Any CPU.Build.0 = Debug|Any CPU
		{06529214-A8C9-40D7-B91F-91DAF5E4ABD9}.Release|Any CPU.ActiveCfg = Release|Any CPU
		{06529214-A8C9-40D7-B91F-91DAF5E4ABD9}.Release|Any CPU.Build.0 = Release|Any CPU
	EndGlobalSection
	GlobalSection(SolutionProperties) = preSolution
		HideSolutionNode = FALSE
	EndGlobalSection
	GlobalSection(NestedProjects) = preSolution
		{CBC538BF-937A-475F-BFE6-186E0AEA3E63} = {B2D502F3-6A8D-4CEE-8F71-9FCB5AC648B4}
		{6B2AA75B-5A11-4A32-B0AE-EF5714646F50} = {B2D502F3-6A8D-4CEE-8F71-9FCB5AC648B4}
		{D415198D-35D7-4858-8F52-9ECB08311A81} = {CBC538BF-937A-475F-BFE6-186E0AEA3E63}
		{D72E8ED7-C2B6-422A-A85C-E93813E347D2} = {CBC538BF-937A-475F-BFE6-186E0AEA3E63}
		{CF9910BA-0222-41A1-B0BC-E3E527571D13} = {CBC538BF-937A-475F-BFE6-186E0AEA3E63}
		{D9E9454E-A6F1-4283-B4C4-DEEA473C7AB6} = {CBC538BF-937A-475F-BFE6-186E0AEA3E63}
		{227F12BF-EE47-48EF-AF0C-00638E7B38AE} = {CBC538BF-937A-475F-BFE6-186E0AEA3E63}
		{A17C3211-FF79-4713-AA5B-F2C4C3D274CB} = {6B2AA75B-5A11-4A32-B0AE-EF5714646F50}
		{8B931E24-BCF1-4B05-A01E-D87B20983CB1} = {6B2AA75B-5A11-4A32-B0AE-EF5714646F50}
		{EABAC4C3-F1E4-4DC8-9835-52A3FE8514DB} = {6B2AA75B-5A11-4A32-B0AE-EF5714646F50}
		{6D58E3FF-CA84-4AC3-94D9-4006556BA6FD} = {A17C3211-FF79-4713-AA5B-F2C4C3D274CB}
		{06529214-A8C9-40D7-B91F-91DAF5E4ABD9} = {A17C3211-FF79-4713-AA5B-F2C4C3D274CB}
	EndGlobalSection
	GlobalSection(ExtensibilityGlobals) = postSolution
		SolutionGuid = {EEA25109-0B4A-4518-93C1-9ADFAB2579D4}
	EndGlobalSection
EndGlobal
